
Microsoft Visual Studio Solution File, Format Version 12.00
# Visual Studio Version 17
VisualStudioVersion = 17.9.34723.18
MinimumVisualStudioVersion = 10.0.40219.1
Project("{9A19103F-16F7-4668-BE54-9A1E7A4F7556}") = "Model", "Model\Model.csproj", "{D510C8A7-FCDB-4418-99D8-95717B7249E0}"
EndProject
Project("{9A19103F-16F7-4668-BE54-9A1E7A4F7556}") = "Service", "Service\Service.csproj", "{0EAB945D-B362-4D38-A16E-0F0DF0DD0602}"
EndProject
Project("{9A19103F-16F7-4668-BE54-9A1E7A4F7556}") = "View", "View\View.csproj", "{B2CD096C-88D0-4CB8-8FE0-18F103EFD1F2}"
EndProject
Global
	GlobalSection(SolutionConfigurationPlatforms) = preSolution
		Debug|Any CPU = Debug|Any CPU
		Release|Any CPU = Release|Any CPU
	EndGlobalSection
	GlobalSection(ProjectConfigurationPlatforms) = postSolution
		{D510C8A7-FCDB-4418-99D8-95717B7249E0}.Debug|Any CPU.ActiveCfg = Debug|Any CPU
		{D510C8A7-FCDB-4418-99D8-95717B7249E0}.Debug|Any CPU.Build.0 = Debug|Any CPU
		{D510C8A7-FCDB-4418-99D8-95717B7249E0}.Release|Any CPU.ActiveCfg = Release|Any CPU
		{D510C8A7-FCDB-4418-99D8-95717B7249E0}.Release|Any CPU.Build.0 = Release|Any CPU
		{0EAB945D-B362-4D38-A16E-0F0DF0DD0602}.Debug|Any CPU.ActiveCfg = Debug|Any CPU
		{0EAB945D-B362-4D38-A16E-0F0DF0DD0602}.Debug|Any CPU.Build.0 = Debug|Any CPU
		{0EAB945D-B362-4D38-A16E-0F0DF0DD0602}.Release|Any CPU.ActiveCfg = Release|Any CPU
		{0EAB945D-B362-4D38-A16E-0F0DF0DD0602}.Release|Any CPU.Build.0 = Release|Any CPU
		{B2CD096C-88D0-4CB8-8FE0-18F103EFD1F2}.Debug|Any CPU.ActiveCfg = Debug|Any CPU
		{B2CD096C-88D0-4CB8-8FE0-18F103EFD1F2}.Debug|Any CPU.Build.0 = Debug|Any CPU
		{B2CD096C-88D0-4CB8-8FE0-18F103EFD1F2}.Release|Any CPU.ActiveCfg = Release|Any CPU
		{B2CD096C-88D0-4CB8-8FE0-18F103EFD1F2}.Release|Any CPU.Build.0 = Release|Any CPU
	EndGlobalSection
	GlobalSection(SolutionProperties) = preSolution
		HideSolutionNode = FALSE
	EndGlobalSection
	GlobalSection(ExtensibilityGlobals) = postSolution
		SolutionGuid = {9DC0A132-6664-434E-A178-B3D4C9098D0C}
	EndGlobalSection
EndGlobal
